<Solution>
  <Configurations>
    <BuildType Name="Debug" />
    <BuildType Name="Release" />
    <BuildType Name="Release-NotWindows" />
  </Configurations>
  <Folder Name="/Solution Items/">
    <File Path="../claude.md" />
    <File Path="../.github/workflows/test.yml" />
    <File Path="../.github/workflows/build-native.yml" />
    <File Path="../.github/workflows/publish-nuget.yml" />
    <File Path="../.github/workflows/live.yml" />
    <File Path="../readme.source.md" />
    <File Path="../.editorconfig" />
    <File Path="Directory.Build.props" />
    <File Path="Directory.Packages.props" />
    <File Path="../global.json" />
    <File Path="mdsnippets.json" />
  </Folder>
  <Project Path="BuildMonitor.Core/BuildMonitor.Core.csproj">
    <BuildType Solution="Release-NotWindows|*" Project="Release" />
  </Project>
  <Project Path="BuildMonitor/BuildMonitor.csproj">
    <BuildType Solution="Release-NotWindows|*" Project="Release" />
  </Project>
  <Project Path="BuildMonitor.Tests/BuildMonitor.Tests.csproj">
    <BuildType Solution="Release-NotWindows|*" Project="Release" />
  </Project>
  <Project Path="BuildMonitor.Windows/BuildMonitor.Windows.csproj">
    <!--
    Builds everywhere: the launcher publishes it for the win RIDs from Linux and macOS too, which
    EnableWindowsTargeting allows. It only runs on Windows.
    -->
    <BuildType Solution="Release-NotWindows|*" Project="Release" />
  </Project>
  <Project Path="BuildMonitor.Native/BuildMonitor.Native.csproj">
    <BuildType Solution="Release-NotWindows|*" Project="Release" />
  </Project>
  <Project Path="IconBuilder/IconBuilder.csproj">
    <BuildType Solution="Release-NotWindows|*" Project="Release" />
  </Project>
  <Project Path="BuildMonitor.Windows.Tests/BuildMonitor.Windows.Tests.csproj">
    <BuildType Solution="Release-NotWindows|*" Project="Release" />
    <!-- Targets net10.0-windows and opens real windows, so it neither builds nor runs off Windows. -->
    <Build Solution="Release-NotWindows|*" Project="false" />
  </Project>
  <Project Path="Packaging.Tests/Packaging.Tests.csproj">
    <BuildType Solution="Release-NotWindows|*" Project="Release" />
    <!-- The package it inspects is only complete from a Windows build, as publish-nuget.yml runs. -->
    <Build Solution="Release-NotWindows|*" Project="false" />
  </Project>
</Solution>
